// !$*UTF8*$!
{
	archiveVersion = 1;
	classes = {
	};
	objectVersion = 50;
	objects = {

/* Begin PBXBuildFile section */
		130AFE0E2343D06100E09C59 /* GPU.cpp in Sources */ = {isa = PBXBuildFile; fileRef = 130AFE0C2343D06100E09C59 /* GPU.cpp */; };
		130AFE0F2343D06100E09C59 /* GPU.h in Headers */ = {isa = PBXBuildFile; fileRef = 130AFE0D2343D06100E09C59 /* GPU.h */; };
		131AAB5B234E771400D019BD /* Timers.cpp in Sources */ = {isa = PBXBuildFile; fileRef = 131AAB59234E771400D019BD /* Timers.cpp */; };
		131AAB5C234E771400D019BD /* Timers.h in Headers */ = {isa = PBXBuildFile; fileRef = 131AAB5A234E771400D019BD /* Timers.h */; };
		930683542307BB6400B711BB /* Register.cpp in Sources */ = {isa = PBXBuildFile; fileRef = 930683532307BB6400B711BB /* Register.cpp */; };
		930683682307C01A00B711BB /* RegisterSet.cpp in Sources */ = {isa = PBXBuildFile; fileRef = 930683662307C01A00B711BB /* RegisterSet.cpp */; };
		930683692307C01A00B711BB /* RegisterSet.h in Headers */ = {isa = PBXBuildFile; fileRef = 930683672307C01A00B711BB /* RegisterSet.h */; };
		9306836E2307CC0200B711BB /* Logic.cpp in Sources */ = {isa = PBXBuildFile; fileRef = 9306836C2307CC0200B711BB /* Logic.cpp */; };
		9306836F2307CC0200B711BB /* Logic.h in Headers */ = {isa = PBXBuildFile; fileRef = 9306836D2307CC0200B711BB /* Logic.h */; };
		930683722307D29600B711BB /* CPU.cpp in Sources */ = {isa = PBXBuildFile; fileRef = 930683702307D29600B711BB /* CPU.cpp */; };
		930683732307D29600B711BB /* CPU.h in Headers */ = {isa = PBXBuildFile; fileRef = 930683712307D29600B711BB /* CPU.h */; };
		930683772307D37700B711BB /* MMU.cpp in Sources */ = {isa = PBXBuildFile; fileRef = 930683752307D37700B711BB /* MMU.cpp */; };
		930683782307D37700B711BB /* MMU.h in Headers */ = {isa = PBXBuildFile; fileRef = 930683762307D37700B711BB /* MMU.h */; };
/* End PBXBuildFile section */

/* Begin PBXFileReference section */
		130AFE0C2343D06100E09C59 /* GPU.cpp */ = {isa = PBXFileReference; fileEncoding = 4; lastKnownFileType = sourcecode.cpp.cpp; path = GPU.cpp; sourceTree = "<group>"; };
		130AFE0D2343D06100E09C59 /* GPU.h */ = {isa = PBXFileReference; fileEncoding = 4; lastKnownFileType = sourcecode.c.h; path = GPU.h; sourceTree = "<group>"; };
		131AAB59234E771400D019BD /* Timers.cpp */ = {isa = PBXFileReference; lastKnownFileType = sourcecode.cpp.cpp; path = Timers.cpp; sourceTree = "<group>"; };
		131AAB5A234E771400D019BD /* Timers.h */ = {isa = PBXFileReference; lastKnownFileType = sourcecode.c.h; path = Timers.h; sourceTree = "<group>"; };
		9306830B2307BA1C00B711BB /* libBase.a */ = {isa = PBXFileReference; explicitFileType = archive.ar; includeInIndex = 0; path = libBase.a; sourceTree = BUILT_PRODUCTS_DIR; };
		930683502307BB3900B711BB /* GBABase.h */ = {isa = PBXFileReference; lastKnownFileType = sourcecode.c.h; path = GBABase.h; sourceTree = "<group>"; };
		930683522307BB5A00B711BB /* Register.h */ = {isa = PBXFileReference; lastKnownFileType = sourcecode.c.h; path = Register.h; sourceTree = "<group>"; };
		930683532307BB6400B711BB /* Register.cpp */ = {isa = PBXFileReference; lastKnownFileType = sourcecode.cpp.cpp; path = Register.cpp; sourceTree = "<group>"; };
		9306835C2307BC9A00B711BB /* DataTypes.h */ = {isa = PBXFileReference; lastKnownFileType = sourcecode.c.h; path = DataTypes.h; sourceTree = "<group>"; };
		930683662307C01A00B711BB /* RegisterSet.cpp */ = {isa = PBXFileReference; lastKnownFileType = sourcecode.cpp.cpp; path = RegisterSet.cpp; sourceTree = "<group>"; };
		930683672307C01A00B711BB /* RegisterSet.h */ = {isa = PBXFileReference; lastKnownFileType = sourcecode.c.h; path = RegisterSet.h; sourceTree = "<group>"; };
		9306836C2307CC0200B711BB /* Logic.cpp */ = {isa = PBXFileReference; lastKnownFileType = sourcecode.cpp.cpp; path = Logic.cpp; sourceTree = "<group>"; };
		9306836D2307CC0200B711BB /* Logic.h */ = {isa = PBXFileReference; lastKnownFileType = sourcecode.c.h; path = Logic.h; sourceTree = "<group>"; };
		930683702307D29600B711BB /* CPU.cpp */ = {isa = PBXFileReference; lastKnownFileType = sourcecode.cpp.cpp; path = CPU.cpp; sourceTree = "<group>"; };
		930683712307D29600B711BB /* CPU.h */ = {isa = PBXFileReference; lastKnownFileType = sourcecode.c.h; path = CPU.h; sourceTree = "<group>"; };
		930683752307D37700B711BB /* MMU.cpp */ = {isa = PBXFileReference; lastKnownFileType = sourcecode.cpp.cpp; path = MMU.cpp; sourceTree = "<group>"; };
		930683762307D37700B711BB /* MMU.h */ = {isa = PBXFileReference; lastKnownFileType = sourcecode.c.h; path = MMU.h; sourceTree = "<group>"; };
		930683792307D6E400B711BB /* FileReader.h */ = {isa = PBXFileReference; lastKnownFileType = sourcecode.c.h; path = FileReader.h; sourceTree = "<group>"; };
/* End PBXFileReference section */

/* Begin PBXFrameworksBuildPhase section */
		930683092307BA1C00B711BB /* Frameworks */ = {
			isa = PBXFrameworksBuildPhase;
			buildActionMask = 2147483647;
			files = (
			);
			runOnlyForDeploymentPostprocessing = 0;
		};
/* End PBXFrameworksBuildPhase section */

/* Begin PBXGroup section */
		130AFE0B2343D06100E09C59 /* GPU */ = {
			isa = PBXGroup;
			children = (
				130AFE0C2343D06100E09C59 /* GPU.cpp */,
				130AFE0D2343D06100E09C59 /* GPU.h */,
			);
			path = GPU;
			sourceTree = "<group>";
		};
		131AAB58234E770500D019BD /* Timers */ = {
			isa = PBXGroup;
			children = (
				131AAB59234E771400D019BD /* Timers.cpp */,
				131AAB5A234E771400D019BD /* Timers.h */,
			);
			path = Timers;
			sourceTree = "<group>";
		};
		930683022307BA1C00B711BB = {
			isa = PBXGroup;
			children = (
				131AAB58234E770500D019BD /* Timers */,
				130AFE0B2343D06100E09C59 /* GPU */,
				930683742307D36E00B711BB /* MMU */,
				9306836B2307CBC700B711BB /* Register */,
				9306836A2307CBBC00B711BB /* Base */,
				930683512307BB4700B711BB /* CPU */,
				930683502307BB3900B711BB /* GBABase.h */,
				9306830C2307BA1C00B711BB /* Products */,
			);
			sourceTree = "<group>";
		};
		9306830C2307BA1C00B711BB /* Products */ = {
			isa = PBXGroup;
			children = (
				9306830B2307BA1C00B711BB /* libBase.a */,
			);
			name = Products;
			sourceTree = "<group>";
		};
		930683512307BB4700B711BB /* CPU */ = {
			isa = PBXGroup;
			children = (
				930683702307D29600B711BB /* CPU.cpp */,
				930683712307D29600B711BB /* CPU.h */,
			);
			path = CPU;
			sourceTree = "<group>";
		};
		9306836A2307CBBC00B711BB /* Base */ = {
			isa = PBXGroup;
			children = (
				9306835C2307BC9A00B711BB /* DataTypes.h */,
				9306836C2307CC0200B711BB /* Logic.cpp */,
				9306836D2307CC0200B711BB /* Logic.h */,
				930683792307D6E400B711BB /* FileReader.h */,
			);
			path = Base;
			sourceTree = "<group>";
		};
		9306836B2307CBC700B711BB /* Register */ = {
			isa = PBXGroup;
			children = (
				930683522307BB5A00B711BB /* Register.h */,
				930683532307BB6400B711BB /* Register.cpp */,
				930683662307C01A00B711BB /* RegisterSet.cpp */,
				930683672307C01A00B711BB /* RegisterSet.h */,
			);
			path = Register;
			sourceTree = "<group>";
		};
		930683742307D36E00B711BB /* MMU */ = {
			isa = PBXGroup;
			children = (
				930683752307D37700B711BB /* MMU.cpp */,
				930683762307D37700B711BB /* MMU.h */,
			);
			path = MMU;
			sourceTree = "<group>";
		};
/* End PBXGroup section */

/* Begin PBXHeadersBuildPhase section */
		930683072307BA1C00B711BB /* Headers */ = {
			isa = PBXHeadersBuildPhase;
			buildActionMask = 2147483647;
			files = (
				930683782307D37700B711BB /* MMU.h in Headers */,
				130AFE0F2343D06100E09C59 /* GPU.h in Headers */,
				930683732307D29600B711BB /* CPU.h in Headers */,
				930683692307C01A00B711BB /* RegisterSet.h in Headers */,
				131AAB5C234E771400D019BD /* Timers.h in Headers */,
				9306836F2307CC0200B711BB /* Logic.h in Headers */,
			);
			runOnlyForDeploymentPostprocessing = 0;
		};
/* End PBXHeadersBuildPhase section */

/* Begin PBXNativeTarget section */
		9306830A2307BA1C00B711BB /* Base */ = {
			isa = PBXNativeTarget;
			buildConfigurationList = 9306830F2307BA1C00B711BB /* Build configuration list for PBXNativeTarget "Base" */;
			buildPhases = (
				930683072307BA1C00B711BB /* Headers */,
				930683082307BA1C00B711BB /* Sources */,
				930683092307BA1C00B711BB /* Frameworks */,
			);
			buildRules = (
			);
			dependencies = (
			);
			name = Base;
			productName = Base;
			productReference = 9306830B2307BA1C00B711BB /* libBase.a */;
			productType = "com.apple.product-type.library.static";
		};
/* End PBXNativeTarget section */

/* Begin PBXProject section */
		930683032307BA1C00B711BB /* Project object */ = {
			isa = PBXProject;
			attributes = {
				LastUpgradeCheck = 1030;
				ORGANIZATIONNAME = "Aaron Hodel";
				TargetAttributes = {
					9306830A2307BA1C00B711BB = {
						CreatedOnToolsVersion = 10.3;
					};
				};
			};
			buildConfigurationList = 930683062307BA1C00B711BB /* Build configuration list for PBXProject "Base" */;
			compatibilityVersion = "Xcode 9.3";
			developmentRegion = en;
			hasScannedForEncodings = 0;
			knownRegions = (
				en,
			);
			mainGroup = 930683022307BA1C00B711BB;
			productRefGroup = 9306830C2307BA1C00B711BB /* Products */;
			projectDirPath = "";
			projectRoot = "";
			targets = (
				9306830A2307BA1C00B711BB /* Base */,
			);
		};
/* End PBXProject section */

/* Begin PBXSourcesBuildPhase section */
		930683082307BA1C00B711BB /* Sources */ = {
			isa = PBXSourcesBuildPhase;
			buildActionMask = 2147483647;
			files = (
				130AFE0E2343D06100E09C59 /* GPU.cpp in Sources */,
				930683722307D29600B711BB /* CPU.cpp in Sources */,
				930683542307BB6400B711BB /* Register.cpp in Sources */,
				131AAB5B234E771400D019BD /* Timers.cpp in Sources */,
				930683682307C01A00B711BB /* RegisterSet.cpp in Sources */,
				930683772307D37700B711BB /* MMU.cpp in Sources */,
				9306836E2307CC0200B711BB /* Logic.cpp in Sources */,
			);
			runOnlyForDeploymentPostprocessing = 0;
		};
/* End PBXSourcesBuildPhase section */

/* Begin XCBuildConfiguration section */
		9306830D2307BA1C00B711BB /* Debug */ = {
			isa = XCBuildConfiguration;
			buildSettings = {
				ALWAYS_SEARCH_USER_PATHS = NO;
				CLANG_ANALYZER_NONNULL = YES;
				CLANG_ANALYZER_NUMBER_OBJECT_CONVERSION = YES_AGGRESSIVE;
				CLANG_CXX_LANGUAGE_STANDARD = "gnu++14";
				CLANG_CXX_LIBRARY = "libc++";
				CLANG_ENABLE_MODULES = YES;
				CLANG_ENABLE_OBJC_ARC = YES;
				CLANG_ENABLE_OBJC_WEAK = YES;
				CLANG_WARN_BLOCK_CAPTURE_AUTORELEASING = YES;
				CLANG_WARN_BOOL_CONVERSION = YES;
				CLANG_WARN_COMMA = YES;
				CLANG_WARN_CONSTANT_CONVERSION = YES;
				CLANG_WARN_DEPRECATED_OBJC_IMPLEMENTATIONS = YES;
				CLANG_WARN_DIRECT_OBJC_ISA_USAGE = YES_ERROR;
				CLANG_WARN_DOCUMENTATION_COMMENTS = YES;
				CLANG_WARN_EMPTY_BODY = YES;
				CLANG_WARN_ENUM_CONVERSION = YES;
				CLANG_WARN_INFINITE_RECURSION = YES;
				CLANG_WARN_INT_CONVERSION = YES;
				CLANG_WARN_NON_LITERAL_NULL_CONVERSION = YES;
				CLANG_WARN_OBJC_IMPLICIT_RETAIN_SELF = YES;
				CLANG_WARN_OBJC_LITERAL_CONVERSION = YES;
				CLANG_WARN_OBJC_ROOT_CLASS = YES_ERROR;
				CLANG_WARN_RANGE_LOOP_ANALYSIS = YES;
				CLANG_WARN_STRICT_PROTOTYPES = YES;
				CLANG_WARN_SUSPICIOUS_MOVE = YES;
				CLANG_WARN_UNGUARDED_AVAILABILITY = YES_AGGRESSIVE;
				CLANG_WARN_UNREACHABLE_CODE = YES;
				CLANG_WARN__DUPLICATE_METHOD_MATCH = YES;
				CODE_SIGN_IDENTITY = "Mac Developer";
				COPY_PHASE_STRIP = NO;
				DEBUG_INFORMATION_FORMAT = dwarf;
				ENABLE_STRICT_OBJC_MSGSEND = YES;
				ENABLE_TESTABILITY = YES;
				FRAMEWORK_SEARCH_PATHS = /usr/local/Cellar/sdl2/2.0.10/lib;
				GCC_C_LANGUAGE_STANDARD = gnu11;
				GCC_DYNAMIC_NO_PIC = NO;
				GCC_NO_COMMON_BLOCKS = YES;
				GCC_OPTIMIZATION_LEVEL = 0;
				GCC_PREPROCESSOR_DEFINITIONS = (
					"DEBUG=1",
					"$(inherited)",
				);
				GCC_WARN_64_TO_32_BIT_CONVERSION = YES;
				GCC_WARN_ABOUT_RETURN_TYPE = YES_ERROR;
				GCC_WARN_UNDECLARED_SELECTOR = YES;
				GCC_WARN_UNINITIALIZED_AUTOS = YES_AGGRESSIVE;
				GCC_WARN_UNUSED_FUNCTION = YES;
				GCC_WARN_UNUSED_VARIABLE = YES;
				HEADER_SEARCH_PATHS = (
					/usr/local/Cellar/sdl2/2.0.10/include/,
					/usr/local/Cellar/sdl2_ttf/2.0.15/include/,
				);
				LIBRARY_SEARCH_PATHS = /usr/local/Cellar/sdl2/2.0.10/lib;
				MACOSX_DEPLOYMENT_TARGET = 10.14;
				MTL_ENABLE_DEBUG_INFO = INCLUDE_SOURCE;
				MTL_FAST_MATH = YES;
				ONLY_ACTIVE_ARCH = YES;
				SDKROOT = macosx;
				USER_HEADER_SEARCH_PATHS = /usr/local/Cellar/sdl2/2.0.10/include/;
			};
			name = Debug;
		};
		9306830E2307BA1C00B711BB /* Release */ = {
			isa = XCBuildConfiguration;
			buildSettings = {
				ALWAYS_SEARCH_USER_PATHS = NO;
				CLANG_ANALYZER_NONNULL = YES;
				CLANG_ANALYZER_NUMBER_OBJECT_CONVERSION = YES_AGGRESSIVE;
				CLANG_CXX_LANGUAGE_STANDARD = "gnu++14";
				CLANG_CXX_LIBRARY = "libc++";
				CLANG_ENABLE_MODULES = YES;
				CLANG_ENABLE_OBJC_ARC = YES;
				CLANG_ENABLE_OBJC_WEAK = YES;
				CLANG_WARN_BLOCK_CAPTURE_AUTORELEASING = YES;
				CLANG_WARN_BOOL_CONVERSION = YES;
				CLANG_WARN_COMMA = YES;
				CLANG_WARN_CONSTANT_CONVERSION = YES;
				CLANG_WARN_DEPRECATED_OBJC_IMPLEMENTATIONS = YES;
				CLANG_WARN_DIRECT_OBJC_ISA_USAGE = YES_ERROR;
				CLANG_WARN_DOCUMENTATION_COMMENTS = YES;
				CLANG_WARN_EMPTY_BODY = YES;
				CLANG_WARN_ENUM_CONVERSION = YES;
				CLANG_WARN_INFINITE_RECURSION = YES;
				CLANG_WARN_INT_CONVERSION = YES;
				CLANG_WARN_NON_LITERAL_NULL_CONVERSION = YES;
				CLANG_WARN_OBJC_IMPLICIT_RETAIN_SELF = YES;
				CLANG_WARN_OBJC_LITERAL_CONVERSION = YES;
				CLANG_WARN_OBJC_ROOT_CLASS = YES_ERROR;
				CLANG_WARN_RANGE_LOOP_ANALYSIS = YES;
				CLANG_WARN_STRICT_PROTOTYPES = YES;
				CLANG_WARN_SUSPICIOUS_MOVE = YES;
				CLANG_WARN_UNGUARDED_AVAILABILITY = YES_AGGRESSIVE;
				CLANG_WARN_UNREACHABLE_CODE = YES;
				CLANG_WARN__DUPLICATE_METHOD_MATCH = YES;
				CODE_SIGN_IDENTITY = "Mac Developer";
				COPY_PHASE_STRIP = NO;
				DEBUG_INFORMATION_FORMAT = "dwarf-with-dsym";
				ENABLE_NS_ASSERTIONS = NO;
				ENABLE_STRICT_OBJC_MSGSEND = YES;
				FRAMEWORK_SEARCH_PATHS = /usr/local/Cellar/sdl2/2.0.10/lib;
				GCC_C_LANGUAGE_STANDARD = gnu11;
				GCC_NO_COMMON_BLOCKS = YES;
				GCC_WARN_64_TO_32_BIT_CONVERSION = YES;
				GCC_WARN_ABOUT_RETURN_TYPE = YES_ERROR;
				GCC_WARN_UNDECLARED_SELECTOR = YES;
				GCC_WARN_UNINITIALIZED_AUTOS = YES_AGGRESSIVE;
				GCC_WARN_UNUSED_FUNCTION = YES;
				GCC_WARN_UNUSED_VARIABLE = YES;
				HEADER_SEARCH_PATHS = (
					/usr/local/Cellar/sdl2/2.0.10/include/,
					/usr/local/Cellar/sdl2_ttf/2.0.15/include/,
				);
				LIBRARY_SEARCH_PATHS = /usr/local/Cellar/sdl2/2.0.10/lib;
				MACOSX_DEPLOYMENT_TARGET = 10.14;
				MTL_ENABLE_DEBUG_INFO = NO;
				MTL_FAST_MATH = YES;
				SDKROOT = macosx;
				USER_HEADER_SEARCH_PATHS = /usr/local/Cellar/sdl2/2.0.10/include/;
			};
			name = Release;
		};
		930683102307BA1C00B711BB /* Debug */ = {
			isa = XCBuildConfiguration;
			buildSettings = {
				CODE_SIGN_STYLE = Automatic;
				DEVELOPMENT_TEAM = 9TPDPL7CQS;
				EXECUTABLE_PREFIX = lib;
				GCC_WARN_UNUSED_FUNCTION = NO;
				HEADER_SEARCH_PATHS = (
					/usr/local/Cellar/sdl2/2.0.10/include/,
					/usr/local/Cellar/sdl2_ttf/2.0.15/include/,
					/usr/local/Cellar/sdl2/2.0.10/include/SDL2,
				);
				PRODUCT_NAME = "$(TARGET_NAME)";
				SKIP_INSTALL = YES;
			};
			name = Debug;
		};
		930683112307BA1C00B711BB /* Release */ = {
			isa = XCBuildConfiguration;
			buildSettings = {
				CODE_SIGN_STYLE = Automatic;
				DEVELOPMENT_TEAM = 9TPDPL7CQS;
				EXECUTABLE_PREFIX = lib;
				GCC_WARN_UNUSED_FUNCTION = NO;
				HEADER_SEARCH_PATHS = (
					/usr/local/Cellar/sdl2/2.0.10/include/,
					/usr/local/Cellar/sdl2_ttf/2.0.15/include/,
					/usr/local/Cellar/sdl2/2.0.10/include/SDL2,
				);
				PRODUCT_NAME = "$(TARGET_NAME)";
				SKIP_INSTALL = YES;
			};
			name = Release;
		};
/* End XCBuildConfiguration section */

/* Begin XCConfigurationList section */
		930683062307BA1C00B711BB /* Build configuration list for PBXProject "Base" */ = {
			isa = XCConfigurationList;
			buildConfigurations = (
				9306830D2307BA1C00B711BB /* Debug */,
				9306830E2307BA1C00B711BB /* Release */,
			);
			defaultConfigurationIsVisible = 0;
			defaultConfigurationName = Release;
		};
		9306830F2307BA1C00B711BB /* Build configuration list for PBXNativeTarget "Base" */ = {
			isa = XCConfigurationList;
			buildConfigurations = (
				930683102307BA1C00B711BB /* Debug */,
				930683112307BA1C00B711BB /* Release */,
			);
			defaultConfigurationIsVisible = 0;
			defaultConfigurationName = Release;
		};
/* End XCConfigurationList section */
	};
	rootObject = 930683032307BA1C00B711BB /* Project object */;
}
